
Microsoft Visual Studio Solution File, Format Version 12.00
# Visual Studio Version 17
VisualStudioVersion = 17.3.32901.215
MinimumVisualStudioVersion = 10.0.40219.1
Project("{FAE04EC0-301F-11D3-BF4B-00C04F79EFBC}") = "Aluno", "Aluno\Aluno.csproj", "{EB4BB327-D1BE-459E-B679-257F0BAE75DB}"
EndProject
Global
	GlobalSection(SolutionConfigurationPlatforms) = preSolution
		Debug|Any CPU = Debug|Any CPU
		Release|Any CPU = Release|Any CPU
	EndGlobalSection
	GlobalSection(ProjectConfigurationPlatforms) = postSolution
		{EB4BB327-D1BE-459E-B679-257F0BAE75DB}.Debug|Any CPU.ActiveCfg = Debug|Any CPU
		{EB4BB327-D1BE-459E-B679-257F0BAE75DB}.Debug|Any CPU.Build.0 = Debug|Any CPU
		{EB4BB327-D1BE-459E-B679-257F0BAE75DB}.Release|Any CPU.ActiveCfg = Release|Any CPU
		{EB4BB327-D1BE-459E-B679-257F0BAE75DB}.Release|Any CPU.Build.0 = Release|Any CPU
	EndGlobalSection
	GlobalSection(SolutionProperties) = preSolution
		HideSolutionNode = FALSE
	EndGlobalSection
	GlobalSection(ExtensibilityGlobals) = postSolution
		SolutionGuid = {CD66D387-5F48-44D3-BB13-D8A765AD79ED}
	EndGlobalSection
EndGlobal
